// !$*UTF8*$!
{
	archiveVersion = 1;
	classes = {
	};
	objectVersion = 77;
	objects = {

/* Begin PBXBuildFile section */
		730907B12D13732D008B6A39 /* SDL2.framework in Frameworks */ = {isa = PBXBuildFile; fileRef = 730907AF2D137114008B6A39 /* SDL2.framework */; };
		730907B22D13732D008B6A39 /* SDL2.framework in Embed Frameworks */ = {isa = PBXBuildFile; fileRef = 730907AF2D137114008B6A39 /* SDL2.framework */; settings = {ATTRIBUTES = (CodeSignOnCopy, RemoveHeadersOnCopy, ); }; };
/* End PBXBuildFile section */

/* Begin PBXContainerItemProxy section */
		7309078D2D136F5E008B6A39 /* PBXContainerItemProxy */ = {
			isa = PBXContainerItemProxy;
			containerPortal = 730907722D136F5C008B6A39 /* Project object */;
			proxyType = 1;
			remoteGlobalIDString = 730907792D136F5C008B6A39;
			remoteInfo = SDL_Test2;
		};
		730907972D136F5E008B6A39 /* PBXContainerItemProxy */ = {
			isa = PBXContainerItemProxy;
			containerPortal = 730907722D136F5C008B6A39 /* Project object */;
			proxyType = 1;
			remoteGlobalIDString = 730907792D136F5C008B6A39;
			remoteInfo = SDL_Test2;
		};
/* End PBXContainerItemProxy section */

/* Begin PBXCopyFilesBuildPhase section */
		730907B32D13732D008B6A39 /* Embed Frameworks */ = {
			isa = PBXCopyFilesBuildPhase;
			buildActionMask = 2147483647;
			dstPath = "";
			dstSubfolderSpec = 10;
			files = (
				730907B22D13732D008B6A39 /* SDL2.framework in Embed Frameworks */,
			);
			name = "Embed Frameworks";
			runOnlyForDeploymentPostprocessing = 0;
		};
/* End PBXCopyFilesBuildPhase section */

/* Begin PBXFileReference section */
		7309077A2D136F5C008B6A39 /* SDL_Test2.app */ = {isa = PBXFileReference; explicitFileType = wrapper.application; includeInIndex = 0; path = SDL_Test2.app; sourceTree = BUILT_PRODUCTS_DIR; };
		7309078C2D136F5E008B6A39 /* SDL_Test2Tests.xctest */ = {isa = PBXFileReference; explicitFileType = wrapper.cfbundle; includeInIndex = 0; path = SDL_Test2Tests.xctest; sourceTree = BUILT_PRODUCTS_DIR; };
		730907962D136F5E008B6A39 /* SDL_Test2UITests.xctest */ = {isa = PBXFileReference; explicitFileType = wrapper.cfbundle; includeInIndex = 0; path = SDL_Test2UITests.xctest; sourceTree = BUILT_PRODUCTS_DIR; };
		730907AF2D137114008B6A39 /* SDL2.framework */ = {isa = PBXFileReference; lastKnownFileType = wrapper.framework; name = SDL2.framework; path = ../../../../../../Library/Frameworks/SDL2.framework; sourceTree = "<group>"; };
/* End PBXFileReference section */

/* Begin PBXFileSystemSynchronizedRootGroup section */
		7309077C2D136F5C008B6A39 /* SDL_Test2 */ = {
			isa = PBXFileSystemSynchronizedRootGroup;
			path = SDL_Test2;
			sourceTree = "<group>";
		};
/* End PBXFileSystemSynchronizedRootGroup section */

/* Begin PBXFrameworksBuildPhase section */
		730907772D136F5C008B6A39 /* Frameworks */ = {
			isa = PBXFrameworksBuildPhase;
			buildActionMask = 2147483647;
			files = (
				730907B12D13732D008B6A39 /* SDL2.framework in Frameworks */,
			);
			runOnlyForDeploymentPostprocessing = 0;
		};
		730907892D136F5E008B6A39 /* Frameworks */ = {
			isa = PBXFrameworksBuildPhase;
			buildActionMask = 2147483647;
			files = (
			);
			runOnlyForDeploymentPostprocessing = 0;
		};
		730907932D136F5E008B6A39 /* Frameworks */ = {
			isa = PBXFrameworksBuildPhase;
			buildActionMask = 2147483647;
			files = (
			);
			runOnlyForDeploymentPostprocessing = 0;
		};
/* End PBXFrameworksBuildPhase section */

/* Begin PBXGroup section */
		730907712D136F5C008B6A39 = {
			isa = PBXGroup;
			children = (
				7309077C2D136F5C008B6A39 /* SDL_Test2 */,
				730907AE2D137114008B6A39 /* Frameworks */,
				7309077B2D136F5C008B6A39 /* Products */,
			);
			sourceTree = "<group>";
		};
		7309077B2D136F5C008B6A39 /* Products */ = {
			isa = PBXGroup;
			children = (
				7309077A2D136F5C008B6A39 /* SDL_Test2.app */,
				7309078C2D136F5E008B6A39 /* SDL_Test2Tests.xctest */,
				730907962D136F5E008B6A39 /* SDL_Test2UITests.xctest */,
			);
			name = Products;
			sourceTree = "<group>";
		};
		730907AE2D137114008B6A39 /* Frameworks */ = {
			isa = PBXGroup;
			children = (
				730907AF2D137114008B6A39 /* SDL2.framework */,
			);
			name = Frameworks;
			sourceTree = "<group>";
		};
/* End PBXGroup section */

/* Begin PBXNativeTarget section */
		730907792D136F5C008B6A39 /* SDL_Test2 */ = {
			isa = PBXNativeTarget;
			buildConfigurationList = 730907A02D136F5E008B6A39 /* Build configuration list for PBXNativeTarget "SDL_Test2" */;
			buildPhases = (
				730907762D136F5C008B6A39 /* Sources */,
				730907772D136F5C008B6A39 /* Frameworks */,
				730907782D136F5C008B6A39 /* Resources */,
				730907B32D13732D008B6A39 /* Embed Frameworks */,
			);
			buildRules = (
			);
			dependencies = (
			);
			fileSystemSynchronizedGroups = (
				7309077C2D136F5C008B6A39 /* SDL_Test2 */,
			);
			name = SDL_Test2;
			packageProductDependencies = (
			);
			productName = SDL_Test2;
			productReference = 7309077A2D136F5C008B6A39 /* SDL_Test2.app */;
			productType = "com.apple.product-type.application";
		};
		7309078B2D136F5E008B6A39 /* SDL_Test2Tests */ = {
			isa = PBXNativeTarget;
			buildConfigurationList = 730907A32D136F5E008B6A39 /* Build configuration list for PBXNativeTarget "SDL_Test2Tests" */;
			buildPhases = (
				730907882D136F5E008B6A39 /* Sources */,
				730907892D136F5E008B6A39 /* Frameworks */,
				7309078A2D136F5E008B6A39 /* Resources */,
			);
			buildRules = (
			);
			dependencies = (
				7309078E2D136F5E008B6A39 /* PBXTargetDependency */,
			);
			name = SDL_Test2Tests;
			packageProductDependencies = (
			);
			productName = SDL_Test2Tests;
			productReference = 7309078C2D136F5E008B6A39 /* SDL_Test2Tests.xctest */;
			productType = "com.apple.product-type.bundle.unit-test";
		};
		730907952D136F5E008B6A39 /* SDL_Test2UITests */ = {
			isa = PBXNativeTarget;
			buildConfigurationList = 730907A62D136F5E008B6A39 /* Build configuration list for PBXNativeTarget "SDL_Test2UITests" */;
			buildPhases = (
				730907922D136F5E008B6A39 /* Sources */,
				730907932D136F5E008B6A39 /* Frameworks */,
				730907942D136F5E008B6A39 /* Resources */,
			);
			buildRules = (
			);
			dependencies = (
				730907982D136F5E008B6A39 /* PBXTargetDependency */,
			);
			name = SDL_Test2UITests;
			packageProductDependencies = (
			);
			productName = SDL_Test2UITests;
			productReference = 730907962D136F5E008B6A39 /* SDL_Test2UITests.xctest */;
			productType = "com.apple.product-type.bundle.ui-testing";
		};
/* End PBXNativeTarget section */

/* Begin PBXProject section */
		730907722D136F5C008B6A39 /* Project object */ = {
			isa = PBXProject;
			attributes = {
				BuildIndependentTargetsInParallel = 1;
				LastUpgradeCheck = 1620;
				TargetAttributes = {
					730907792D136F5C008B6A39 = {
						CreatedOnToolsVersion = 16.2;
					};
					7309078B2D136F5E008B6A39 = {
						CreatedOnToolsVersion = 16.2;
						TestTargetID = 730907792D136F5C008B6A39;
					};
					730907952D136F5E008B6A39 = {
						CreatedOnToolsVersion = 16.2;
						TestTargetID = 730907792D136F5C008B6A39;
					};
				};
			};
			buildConfigurationList = 730907752D136F5C008B6A39 /* Build configuration list for PBXProject "SDL_Test2" */;
			developmentRegion = en;
			hasScannedForEncodings = 0;
			knownRegions = (
				en,
				Base,
			);
			mainGroup = 730907712D136F5C008B6A39;
			minimizedProjectReferenceProxies = 1;
			preferredProjectObjectVersion = 77;
			productRefGroup = 7309077B2D136F5C008B6A39 /* Products */;
			projectDirPath = "";
			projectRoot = "";
			targets = (
				730907792D136F5C008B6A39 /* SDL_Test2 */,
				7309078B2D136F5E008B6A39 /* SDL_Test2Tests */,
				730907952D136F5E008B6A39 /* SDL_Test2UITests */,
			);
		};
/* End PBXProject section */

/* Begin PBXResourcesBuildPhase section */
		730907782D136F5C008B6A39 /* Resources */ = {
			isa = PBXResourcesBuildPhase;
			buildActionMask = 2147483647;
			files = (
			);
			runOnlyForDeploymentPostprocessing = 0;
		};
		7309078A2D136F5E008B6A39 /* Resources */ = {
			isa = PBXResourcesBuildPhase;
			buildActionMask = 2147483647;
			files = (
			);
			runOnlyForDeploymentPostprocessing = 0;
		};
		730907942D136F5E008B6A39 /* Resources */ = {
			isa = PBXResourcesBuildPhase;
			buildActionMask = 2147483647;
			files = (
			);
			runOnlyForDeploymentPostprocessing = 0;
		};
/* End PBXResourcesBuildPhase section */

/* Begin PBXSourcesBuildPhase section */
		730907762D136F5C008B6A39 /* Sources */ = {
			isa = PBXSourcesBuildPhase;
			buildActionMask = 2147483647;
			files = (
			);
			runOnlyForDeploymentPostprocessing = 0;
		};
		730907882D136F5E008B6A39 /* Sources */ = {
			isa = PBXSourcesBuildPhase;
			buildActionMask = 2147483647;
			files = (
			);
			runOnlyForDeploymentPostprocessing = 0;
		};
		730907922D136F5E008B6A39 /* Sources */ = {
			isa = PBXSourcesBuildPhase;
			buildActionMask = 2147483647;
			files = (
			);
			runOnlyForDeploymentPostprocessing = 0;
		};
/* End PBXSourcesBuildPhase section */

/* Begin PBXTargetDependency section */
		7309078E2D136F5E008B6A39 /* PBXTargetDependency */ = {
			isa = PBXTargetDependency;
			target = 730907792D136F5C008B6A39 /* SDL_Test2 */;
			targetProxy = 7309078D2D136F5E008B6A39 /* PBXContainerItemProxy */;
		};
		730907982D136F5E008B6A39 /* PBXTargetDependency */ = {
			isa = PBXTargetDependency;
			target = 730907792D136F5C008B6A39 /* SDL_Test2 */;
			targetProxy = 730907972D136F5E008B6A39 /* PBXContainerItemProxy */;
		};
/* End PBXTargetDependency section */

/* Begin XCBuildConfiguration section */
		7309079E2D136F5E008B6A39 /* Debug */ = {
			isa = XCBuildConfiguration;
			buildSettings = {
				ALWAYS_SEARCH_USER_PATHS = NO;
				ASSETCATALOG_COMPILER_GENERATE_SWIFT_ASSET_SYMBOL_EXTENSIONS = YES;
				CLANG_ANALYZER_NONNULL = YES;
				CLANG_ANALYZER_NUMBER_OBJECT_CONVERSION = YES_AGGRESSIVE;
				CLANG_CXX_LANGUAGE_STANDARD = "gnu++20";
				CLANG_ENABLE_MODULES = YES;
				CLANG_ENABLE_OBJC_ARC = YES;
				CLANG_ENABLE_OBJC_WEAK = YES;
				CLANG_WARN_BLOCK_CAPTURE_AUTORELEASING = YES;
				CLANG_WARN_BOOL_CONVERSION = YES;
				CLANG_WARN_COMMA = YES;
				CLANG_WARN_CONSTANT_CONVERSION = YES;
				CLANG_WARN_DEPRECATED_OBJC_IMPLEMENTATIONS = YES;
				CLANG_WARN_DIRECT_OBJC_ISA_USAGE = YES_ERROR;
				CLANG_WARN_DOCUMENTATION_COMMENTS = YES;
				CLANG_WARN_EMPTY_BODY = YES;
				CLANG_WARN_ENUM_CONVERSION = YES;
				CLANG_WARN_INFINITE_RECURSION = YES;
				CLANG_WARN_INT_CONVERSION = YES;
				CLANG_WARN_NON_LITERAL_NULL_CONVERSION = YES;
				CLANG_WARN_OBJC_IMPLICIT_RETAIN_SELF = YES;
				CLANG_WARN_OBJC_LITERAL_CONVERSION = YES;
				CLANG_WARN_OBJC_ROOT_CLASS = YES_ERROR;
				CLANG_WARN_QUOTED_INCLUDE_IN_FRAMEWORK_HEADER = YES;
				CLANG_WARN_RANGE_LOOP_ANALYSIS = YES;
				CLANG_WARN_STRICT_PROTOTYPES = YES;
				CLANG_WARN_SUSPICIOUS_MOVE = YES;
				CLANG_WARN_UNGUARDED_AVAILABILITY = YES_AGGRESSIVE;
				CLANG_WARN_UNREACHABLE_CODE = YES;
				CLANG_WARN__DUPLICATE_METHOD_MATCH = YES;
				COPY_PHASE_STRIP = NO;
				DEBUG_INFORMATION_FORMAT = dwarf;
				ENABLE_STRICT_OBJC_MSGSEND = YES;
				ENABLE_TESTABILITY = YES;
				ENABLE_USER_SCRIPT_SANDBOXING = YES;
				GCC_C_LANGUAGE_STANDARD = gnu17;
				GCC_DYNAMIC_NO_PIC = NO;
				GCC_NO_COMMON_BLOCKS = YES;
				GCC_OPTIMIZATION_LEVEL = 0;
				GCC_PREPROCESSOR_DEFINITIONS = (
					"DEBUG=1",
					"$(inherited)",
				);
				GCC_WARN_64_TO_32_BIT_CONVERSION = YES;
				GCC_WARN_ABOUT_RETURN_TYPE = YES_ERROR;
				GCC_WARN_UNDECLARED_SELECTOR = YES;
				GCC_WARN_UNINITIALIZED_AUTOS = YES_AGGRESSIVE;
				GCC_WARN_UNUSED_FUNCTION = YES;
				GCC_WARN_UNUSED_VARIABLE = YES;
				LOCALIZATION_PREFERS_STRING_CATALOGS = YES;
				MACOSX_DEPLOYMENT_TARGET = 15.0;
				MTL_ENABLE_DEBUG_INFO = INCLUDE_SOURCE;
				MTL_FAST_MATH = YES;
				ONLY_ACTIVE_ARCH = YES;
				SDKROOT = macosx;
			};
			name = Debug;
		};
		7309079F2D136F5E008B6A39 /* Release */ = {
			isa = XCBuildConfiguration;
			buildSettings = {
				ALWAYS_SEARCH_USER_PATHS = NO;
				ASSETCATALOG_COMPILER_GENERATE_SWIFT_ASSET_SYMBOL_EXTENSIONS = YES;
				CLANG_ANALYZER_NONNULL = YES;
				CLANG_ANALYZER_NUMBER_OBJECT_CONVERSION = YES_AGGRESSIVE;
				CLANG_CXX_LANGUAGE_STANDARD = "gnu++20";
				CLANG_ENABLE_MODULES = YES;
				CLANG_ENABLE_OBJC_ARC = YES;
				CLANG_ENABLE_OBJC_WEAK = YES;
				CLANG_WARN_BLOCK_CAPTURE_AUTORELEASING = YES;
				CLANG_WARN_BOOL_CONVERSION = YES;
				CLANG_WARN_COMMA = YES;
				CLANG_WARN_CONSTANT_CONVERSION = YES;
				CLANG_WARN_DEPRECATED_OBJC_IMPLEMENTATIONS = YES;
				CLANG_WARN_DIRECT_OBJC_ISA_USAGE = YES_ERROR;
				CLANG_WARN_DOCUMENTATION_COMMENTS = YES;
				CLANG_WARN_EMPTY_BODY = YES;
				CLANG_WARN_ENUM_CONVERSION = YES;
				CLANG_WARN_INFINITE_RECURSION = YES;
				CLANG_WARN_INT_CONVERSION = YES;
				CLANG_WARN_NON_LITERAL_NULL_CONVERSION = YES;
				CLANG_WARN_OBJC_IMPLICIT_RETAIN_SELF = YES;
				CLANG_WARN_OBJC_LITERAL_CONVERSION = YES;
				CLANG_WARN_OBJC_ROOT_CLASS = YES_ERROR;
				CLANG_WARN_QUOTED_INCLUDE_IN_FRAMEWORK_HEADER = YES;
				CLANG_WARN_RANGE_LOOP_ANALYSIS = YES;
				CLANG_WARN_STRICT_PROTOTYPES = YES;
				CLANG_WARN_SUSPICIOUS_MOVE = YES;
				CLANG_WARN_UNGUARDED_AVAILABILITY = YES_AGGRESSIVE;
				CLANG_WARN_UNREACHABLE_CODE = YES;
				CLANG_WARN__DUPLICATE_METHOD_MATCH = YES;
				COPY_PHASE_STRIP = NO;
				DEBUG_INFORMATION_FORMAT = "dwarf-with-dsym";
				ENABLE_NS_ASSERTIONS = NO;
				ENABLE_STRICT_OBJC_MSGSEND = YES;
				ENABLE_USER_SCRIPT_SANDBOXING = YES;
				GCC_C_LANGUAGE_STANDARD = gnu17;
				GCC_NO_COMMON_BLOCKS = YES;
				GCC_WARN_64_TO_32_BIT_CONVERSION = YES;
				GCC_WARN_ABOUT_RETURN_TYPE = YES_ERROR;
				GCC_WARN_UNDECLARED_SELECTOR = YES;
				GCC_WARN_UNINITIALIZED_AUTOS = YES_AGGRESSIVE;
				GCC_WARN_UNUSED_FUNCTION = YES;
				GCC_WARN_UNUSED_VARIABLE = YES;
				LOCALIZATION_PREFERS_STRING_CATALOGS = YES;
				MACOSX_DEPLOYMENT_TARGET = 15.0;
				MTL_ENABLE_DEBUG_INFO = NO;
				MTL_FAST_MATH = YES;
				SDKROOT = macosx;
			};
			name = Release;
		};
		730907A12D136F5E008B6A39 /* Debug */ = {
			isa = XCBuildConfiguration;
			buildSettings = {
				ASSETCATALOG_COMPILER_APPICON_NAME = AppIcon;
				ASSETCATALOG_COMPILER_GLOBAL_ACCENT_COLOR_NAME = AccentColor;
				CODE_SIGN_ENTITLEMENTS = SDL_Test2/SDL_Test2.entitlements;
				CODE_SIGN_STYLE = Automatic;
				COMBINE_HIDPI_IMAGES = YES;
				CURRENT_PROJECT_VERSION = 1;
				FRAMEWORK_SEARCH_PATHS = (
					"$(inherited)",
					"$(LOCAL_LIBRARY_DIR)/Frameworks",
				);
				GENERATE_INFOPLIST_FILE = YES;
				INFOPLIST_KEY_NSHumanReadableCopyright = "";
				INFOPLIST_KEY_NSMainNibFile = MainMenu;
				INFOPLIST_KEY_NSPrincipalClass = NSApplication;
				LD_RUNPATH_SEARCH_PATHS = (
					"$(inherited)",
					"@executable_path/../Frameworks",
				);
				MARKETING_VERSION = 1.0;
				OTHER_CODE_SIGN_FLAGS = "--deep";
				PRODUCT_BUNDLE_IDENTIFIER = "Vinc.SDL-Test2";
				PRODUCT_NAME = "$(TARGET_NAME)";
				SWIFT_EMIT_LOC_STRINGS = YES;
			};
			name = Debug;
		};
		730907A22D136F5E008B6A39 /* Release */ = {
			isa = XCBuildConfiguration;
			buildSettings = {
				ASSETCATALOG_COMPILER_APPICON_NAME = AppIcon;
				ASSETCATALOG_COMPILER_GLOBAL_ACCENT_COLOR_NAME = AccentColor;
				CODE_SIGN_ENTITLEMENTS = SDL_Test2/SDL_Test2.entitlements;
				CODE_SIGN_STYLE = Automatic;
				COMBINE_HIDPI_IMAGES = YES;
				CURRENT_PROJECT_VERSION = 1;
				FRAMEWORK_SEARCH_PATHS = (
					"$(inherited)",
					"$(LOCAL_LIBRARY_DIR)/Frameworks",
				);
				GENERATE_INFOPLIST_FILE = YES;
				INFOPLIST_KEY_NSHumanReadableCopyright = "";
				INFOPLIST_KEY_NSMainNibFile = MainMenu;
				INFOPLIST_KEY_NSPrincipalClass = NSApplication;
				LD_RUNPATH_SEARCH_PATHS = (
					"$(inherited)",
					"@executable_path/../Frameworks",
				);
				MARKETING_VERSION = 1.0;
				OTHER_CODE_SIGN_FLAGS = "--deep";
				PRODUCT_BUNDLE_IDENTIFIER = "Vinc.SDL-Test2";
				PRODUCT_NAME = "$(TARGET_NAME)";
				SWIFT_EMIT_LOC_STRINGS = YES;
			};
			name = Release;
		};
		730907A42D136F5E008B6A39 /* Debug */ = {
			isa = XCBuildConfiguration;
			buildSettings = {
				BUNDLE_LOADER = "$(TEST_HOST)";
				CODE_SIGN_STYLE = Automatic;
				CURRENT_PROJECT_VERSION = 1;
				GENERATE_INFOPLIST_FILE = YES;
				MACOSX_DEPLOYMENT_TARGET = 15.0;
				MARKETING_VERSION = 1.0;
				PRODUCT_BUNDLE_IDENTIFIER = "Vinc.SDL-Test2Tests";
				PRODUCT_NAME = "$(TARGET_NAME)";
				SWIFT_EMIT_LOC_STRINGS = NO;
				TEST_HOST = "$(BUILT_PRODUCTS_DIR)/SDL_Test2.app/$(BUNDLE_EXECUTABLE_FOLDER_PATH)/SDL_Test2";
			};
			name = Debug;
		};
		730907A52D136F5E008B6A39 /* Release */ = {
			isa = XCBuildConfiguration;
			buildSettings = {
				BUNDLE_LOADER = "$(TEST_HOST)";
				CODE_SIGN_STYLE = Automatic;
				CURRENT_PROJECT_VERSION = 1;
				GENERATE_INFOPLIST_FILE = YES;
				MACOSX_DEPLOYMENT_TARGET = 15.0;
				MARKETING_VERSION = 1.0;
				PRODUCT_BUNDLE_IDENTIFIER = "Vinc.SDL-Test2Tests";
				PRODUCT_NAME = "$(TARGET_NAME)";
				SWIFT_EMIT_LOC_STRINGS = NO;
				TEST_HOST = "$(BUILT_PRODUCTS_DIR)/SDL_Test2.app/$(BUNDLE_EXECUTABLE_FOLDER_PATH)/SDL_Test2";
			};
			name = Release;
		};
		730907A72D136F5E008B6A39 /* Debug */ = {
			isa = XCBuildConfiguration;
			buildSettings = {
				CODE_SIGN_STYLE = Automatic;
				CURRENT_PROJECT_VERSION = 1;
				GENERATE_INFOPLIST_FILE = YES;
				MARKETING_VERSION = 1.0;
				PRODUCT_BUNDLE_IDENTIFIER = "Vinc.SDL-Test2UITests";
				PRODUCT_NAME = "$(TARGET_NAME)";
				SWIFT_EMIT_LOC_STRINGS = NO;
				TEST_TARGET_NAME = SDL_Test2;
			};
			name = Debug;
		};
		730907A82D136F5E008B6A39 /* Release */ = {
			isa = XCBuildConfiguration;
			buildSettings = {
				CODE_SIGN_STYLE = Automatic;
				CURRENT_PROJECT_VERSION = 1;
				GENERATE_INFOPLIST_FILE = YES;
				MARKETING_VERSION = 1.0;
				PRODUCT_BUNDLE_IDENTIFIER = "Vinc.SDL-Test2UITests";
				PRODUCT_NAME = "$(TARGET_NAME)";
				SWIFT_EMIT_LOC_STRINGS = NO;
				TEST_TARGET_NAME = SDL_Test2;
			};
			name = Release;
		};
/* End XCBuildConfiguration section */

/* Begin XCConfigurationList section */
		730907752D136F5C008B6A39 /* Build configuration list for PBXProject "SDL_Test2" */ = {
			isa = XCConfigurationList;
			buildConfigurations = (
				7309079E2D136F5E008B6A39 /* Debug */,
				7309079F2D136F5E008B6A39 /* Release */,
			);
			defaultConfigurationIsVisible = 0;
			defaultConfigurationName = Release;
		};
		730907A02D136F5E008B6A39 /* Build configuration list for PBXNativeTarget "SDL_Test2" */ = {
			isa = XCConfigurationList;
			buildConfigurations = (
				730907A12D136F5E008B6A39 /* Debug */,
				730907A22D136F5E008B6A39 /* Release */,
			);
			defaultConfigurationIsVisible = 0;
			defaultConfigurationName = Release;
		};
		730907A32D136F5E008B6A39 /* Build configuration list for PBXNativeTarget "SDL_Test2Tests" */ = {
			isa = XCConfigurationList;
			buildConfigurations = (
				730907A42D136F5E008B6A39 /* Debug */,
				730907A52D136F5E008B6A39 /* Release */,
			);
			defaultConfigurationIsVisible = 0;
			defaultConfigurationName = Release;
		};
		730907A62D136F5E008B6A39 /* Build configuration list for PBXNativeTarget "SDL_Test2UITests" */ = {
			isa = XCConfigurationList;
			buildConfigurations = (
				730907A72D136F5E008B6A39 /* Debug */,
				730907A82D136F5E008B6A39 /* Release */,
			);
			defaultConfigurationIsVisible = 0;
			defaultConfigurationName = Release;
		};
/* End XCConfigurationList section */
	};
	rootObject = 730907722D136F5C008B6A39 /* Project object */;
}
